
Microsoft Visual Studio Solution File, Format Version 12.00
# Visual Studio 14
VisualStudioVersion = 14.0.25420.1
MinimumVisualStudioVersion = 10.0.40219.1
Project("{FAE04EC0-301F-11D3-BF4B-00C04F79EFBC}") = "GamesCOM", "GamesCOM\GamesCOM.csproj", "{3E5E0FE4-0C17-4B54-8C9F-108A37ED3C82}"
EndProject
Global
	GlobalSection(SolutionConfigurationPlatforms) = preSolution
		Debug|Any CPU = Debug|Any CPU
		Release|Any CPU = Release|Any CPU
	EndGlobalSection
	GlobalSection(ProjectConfigurationPlatforms) = postSolution
		{3E5E0FE4-0C17-4B54-8C9F-108A37ED3C82}.Debug|Any CPU.ActiveCfg = Debug|Any CPU
		{3E5E0FE4-0C17-4B54-8C9F-108A37ED3C82}.Debug|Any CPU.Build.0 = Debug|Any CPU
		{3E5E0FE4-0C17-4B54-8C9F-108A37ED3C82}.Release|Any CPU.ActiveCfg = Release|Any CPU
		{3E5E0FE4-0C17-4B54-8C9F-108A37ED3C82}.Release|Any CPU.Build.0 = Release|Any CPU
	EndGlobalSection
	GlobalSection(SolutionProperties) = preSolution
		HideSolutionNode = FALSE
	EndGlobalSection
EndGlobal
