
Microsoft Visual Studio Solution File, Format Version 12.00
# Visual Studio 15
Project("{FAE04EC0-301F-11D3-BF4B-00C04F79EFBC}") = "AvangersBlockBreaker", "Assembly-CSharp.csproj", "{D669C546-70F9-0FA2-D2B4-1373F9CB8288}"
EndProject
Global
	GlobalSection(SolutionConfigurationPlatforms) = preSolution
		Debug|Any CPU = Debug|Any CPU
		Release|Any CPU = Release|Any CPU
	EndGlobalSection
	GlobalSection(ProjectConfigurationPlatforms) = postSolution
		{D669C546-70F9-0FA2-D2B4-1373F9CB8288}.Debug|Any CPU.ActiveCfg = Debug|Any CPU
		{D669C546-70F9-0FA2-D2B4-1373F9CB8288}.Debug|Any CPU.Build.0 = Debug|Any CPU
		{D669C546-70F9-0FA2-D2B4-1373F9CB8288}.Release|Any CPU.ActiveCfg = Release|Any CPU
		{D669C546-70F9-0FA2-D2B4-1373F9CB8288}.Release|Any CPU.Build.0 = Release|Any CPU
	EndGlobalSection
	GlobalSection(SolutionProperties) = preSolution
		HideSolutionNode = FALSE
	EndGlobalSection
EndGlobal
