
Microsoft Visual Studio Solution File, Format Version 12.00
# Visual Studio 14
VisualStudioVersion = 14.0.25420.1
MinimumVisualStudioVersion = 10.0.40219.1
Project("{FAE04EC0-301F-11D3-BF4B-00C04F79EFBC}") = "B_8", "B_8\B_8.csproj", "{FB88132D-81CD-4BC1-9AEC-DAE46D8AF371}"
EndProject
Project("{FAE04EC0-301F-11D3-BF4B-00C04F79EFBC}") = "UTestProject", "UTestProject\UTestProject.csproj", "{CEC06CD1-5786-4DA4-95D2-EDAE16D85CE5}"
EndProject
Global
	GlobalSection(SolutionConfigurationPlatforms) = preSolution
		Debug|Any CPU = Debug|Any CPU
		Release|Any CPU = Release|Any CPU
	EndGlobalSection
	GlobalSection(ProjectConfigurationPlatforms) = postSolution
		{FB88132D-81CD-4BC1-9AEC-DAE46D8AF371}.Debug|Any CPU.ActiveCfg = Debug|Any CPU
		{FB88132D-81CD-4BC1-9AEC-DAE46D8AF371}.Debug|Any CPU.Build.0 = Debug|Any CPU
		{FB88132D-81CD-4BC1-9AEC-DAE46D8AF371}.Release|Any CPU.ActiveCfg = Release|Any CPU
		{FB88132D-81CD-4BC1-9AEC-DAE46D8AF371}.Release|Any CPU.Build.0 = Release|Any CPU
		{CEC06CD1-5786-4DA4-95D2-EDAE16D85CE5}.Debug|Any CPU.ActiveCfg = Debug|Any CPU
		{CEC06CD1-5786-4DA4-95D2-EDAE16D85CE5}.Debug|Any CPU.Build.0 = Debug|Any CPU
		{CEC06CD1-5786-4DA4-95D2-EDAE16D85CE5}.Release|Any CPU.ActiveCfg = Release|Any CPU
		{CEC06CD1-5786-4DA4-95D2-EDAE16D85CE5}.Release|Any CPU.Build.0 = Release|Any CPU
	EndGlobalSection
	GlobalSection(SolutionProperties) = preSolution
		HideSolutionNode = FALSE
	EndGlobalSection
EndGlobal
